
Microsoft Visual Studio Solution File, Format Version 12.00
# Visual Studio Version 17
VisualStudioVersion = 17.12.35707.178
MinimumVisualStudioVersion = 10.0.40219.1
Project("{2150E333-8FDC-42A3-9474-1A3956D46DE8}") = "NLayer", "NLayer", "{27E2EAC2-81DC-475B-8496-828D9AE27368}"
EndProject
Project("{2150E333-8FDC-42A3-9474-1A3956D46DE8}") = "CleanArchitecture", "CleanArchitecture", "{30F09D05-C9AD-48A9-9802-597393779A17}"
EndProject
Project("{2150E333-8FDC-42A3-9474-1A3956D46DE8}") = "src", "src", "{70F37D3B-76BC-4290-A2F8-464E7B5FF684}"
EndProject
Project("{2150E333-8FDC-42A3-9474-1A3956D46DE8}") = "test", "test", "{0F5634A9-12A2-4825-B31D-DB4F4C0019BC}"
EndProject
Project("{2150E333-8FDC-42A3-9474-1A3956D46DE8}") = "core", "core", "{BA740CE1-A843-424A-B790-662289F76739}"
EndProject
Project("{FAE04EC0-301F-11D3-BF4B-00C04F79EFBC}") = "App.API", "NLayer\App.API\App.API.csproj", "{8555F41E-79DF-4E21-82BF-624CCC58672F}"
EndProject
Project("{FAE04EC0-301F-11D3-BF4B-00C04F79EFBC}") = "App.Repositories", "NLayer\Repositories\App.Repositories.csproj", "{422583B8-5473-4EFA-93FC-1B3FDD16A5A8}"
EndProject
Project("{FAE04EC0-301F-11D3-BF4B-00C04F79EFBC}") = "App.Services", "NLayer\Services\App.Services.csproj", "{C4CF7333-9F5E-49A2-B279-71DF6A0E1B2A}"
EndProject
Project("{FAE04EC0-301F-11D3-BF4B-00C04F79EFBC}") = "App.Domain", "CleanArchitecture\src\core\App.Domain\App.Domain.csproj", "{9C12E572-273A-4177-B81B-7CC7B333DAC4}"
EndProject
Project("{FAE04EC0-301F-11D3-BF4B-00C04F79EFBC}") = "App.Application", "CleanArchitecture\src\core\App.Application\App.Application.csproj", "{BC1DA4A7-BB2B-46C6-8C10-F73AD4D50A15}"
EndProject
Project("{2150E333-8FDC-42A3-9474-1A3956D46DE8}") = "infrastructure", "infrastructure", "{D2906526-E662-4A54-A66F-5708E551F6BD}"
EndProject
Project("{FAE04EC0-301F-11D3-BF4B-00C04F79EFBC}") = "App.Persistence", "App.Persistence\App.Persistence.csproj", "{AEDC3AD3-4B0E-4CEF-82FB-27034AFD297D}"
EndProject
Project("{2150E333-8FDC-42A3-9474-1A3956D46DE8}") = "API", "API", "{3173CF76-DEF5-4720-B29B-1A5DED95378A}"
EndProject
Project("{FAE04EC0-301F-11D3-BF4B-00C04F79EFBC}") = "CleanApp.API", "CleanApp.API\CleanApp.API.csproj", "{D21033E1-834D-4E50-89F5-C57A7628A3FF}"
EndProject
Project("{FAE04EC0-301F-11D3-BF4B-00C04F79EFBC}") = "App.Caching", "App.Caching\App.Caching.csproj", "{9A247172-4FEE-4E45-9AAC-52F5BBE7EAFC}"
EndProject
Project("{FAE04EC0-301F-11D3-BF4B-00C04F79EFBC}") = "App.Bus", "App.Bus\App.Bus.csproj", "{55D7335E-3AFA-4C31-9726-6B5722FE72D6}"
EndProject
Global
	GlobalSection(SolutionConfigurationPlatforms) = preSolution
		Debug|Any CPU = Debug|Any CPU
		Release|Any CPU = Release|Any CPU
	EndGlobalSection
	GlobalSection(ProjectConfigurationPlatforms) = postSolution
		{8555F41E-79DF-4E21-82BF-624CCC58672F}.Debug|Any CPU.ActiveCfg = Debug|Any CPU
		{8555F41E-79DF-4E21-82BF-624CCC58672F}.Debug|Any CPU.Build.0 = Debug|Any CPU
		{8555F41E-79DF-4E21-82BF-624CCC58672F}.Release|Any CPU.ActiveCfg = Release|Any CPU
		{8555F41E-79DF-4E21-82BF-624CCC58672F}.Release|Any CPU.Build.0 = Release|Any CPU
		{422583B8-5473-4EFA-93FC-1B3FDD16A5A8}.Debug|Any CPU.ActiveCfg = Debug|Any CPU
		{422583B8-5473-4EFA-93FC-1B3FDD16A5A8}.Debug|Any CPU.Build.0 = Debug|Any CPU
		{422583B8-5473-4EFA-93FC-1B3FDD16A5A8}.Release|Any CPU.ActiveCfg = Release|Any CPU
		{422583B8-5473-4EFA-93FC-1B3FDD16A5A8}.Release|Any CPU.Build.0 = Release|Any CPU
		{C4CF7333-9F5E-49A2-B279-71DF6A0E1B2A}.Debug|Any CPU.ActiveCfg = Debug|Any CPU
		{C4CF7333-9F5E-49A2-B279-71DF6A0E1B2A}.Debug|Any CPU.Build.0 = Debug|Any CPU
		{C4CF7333-9F5E-49A2-B279-71DF6A0E1B2A}.Release|Any CPU.ActiveCfg = Release|Any CPU
		{C4CF7333-9F5E-49A2-B279-71DF6A0E1B2A}.Release|Any CPU.Build.0 = Release|Any CPU
		{9C12E572-273A-4177-B81B-7CC7B333DAC4}.Debug|Any CPU.ActiveCfg = Debug|Any CPU
		{9C12E572-273A-4177-B81B-7CC7B333DAC4}.Debug|Any CPU.Build.0 = Debug|Any CPU
		{9C12E572-273A-4177-B81B-7CC7B333DAC4}.Release|Any CPU.ActiveCfg = Release|Any CPU
		{9C12E572-273A-4177-B81B-7CC7B333DAC4}.Release|Any CPU.Build.0 = Release|Any CPU
		{BC1DA4A7-BB2B-46C6-8C10-F73AD4D50A15}.Debug|Any CPU.ActiveCfg = Debug|Any CPU
		{BC1DA4A7-BB2B-46C6-8C10-F73AD4D50A15}.Debug|Any CPU.Build.0 = Debug|Any CPU
		{BC1DA4A7-BB2B-46C6-8C10-F73AD4D50A15}.Release|Any CPU.ActiveCfg = Release|Any CPU
		{BC1DA4A7-BB2B-46C6-8C10-F73AD4D50A15}.Release|Any CPU.Build.0 = Release|Any CPU
		{AEDC3AD3-4B0E-4CEF-82FB-27034AFD297D}.Debug|Any CPU.ActiveCfg = Debug|Any CPU
		{AEDC3AD3-4B0E-4CEF-82FB-27034AFD297D}.Debug|Any CPU.Build.0 = Debug|Any CPU
		{AEDC3AD3-4B0E-4CEF-82FB-27034AFD297D}.Release|Any CPU.ActiveCfg = Release|Any CPU
		{AEDC3AD3-4B0E-4CEF-82FB-27034AFD297D}.Release|Any CPU.Build.0 = Release|Any CPU
		{D21033E1-834D-4E50-89F5-C57A7628A3FF}.Debug|Any CPU.ActiveCfg = Debug|Any CPU
		{D21033E1-834D-4E50-89F5-C57A7628A3FF}.Debug|Any CPU.Build.0 = Debug|Any CPU
		{D21033E1-834D-4E50-89F5-C57A7628A3FF}.Release|Any CPU.ActiveCfg = Release|Any CPU
		{D21033E1-834D-4E50-89F5-C57A7628A3FF}.Release|Any CPU.Build.0 = Release|Any CPU
		{9A247172-4FEE-4E45-9AAC-52F5BBE7EAFC}.Debug|Any CPU.ActiveCfg = Debug|Any CPU
		{9A247172-4FEE-4E45-9AAC-52F5BBE7EAFC}.Debug|Any CPU.Build.0 = Debug|Any CPU
		{9A247172-4FEE-4E45-9AAC-52F5BBE7EAFC}.Release|Any CPU.ActiveCfg = Release|Any CPU
		{9A247172-4FEE-4E45-9AAC-52F5BBE7EAFC}.Release|Any CPU.Build.0 = Release|Any CPU
		{55D7335E-3AFA-4C31-9726-6B5722FE72D6}.Debug|Any CPU.ActiveCfg = Debug|Any CPU
		{55D7335E-3AFA-4C31-9726-6B5722FE72D6}.Debug|Any CPU.Build.0 = Debug|Any CPU
		{55D7335E-3AFA-4C31-9726-6B5722FE72D6}.Release|Any CPU.ActiveCfg = Release|Any CPU
		{55D7335E-3AFA-4C31-9726-6B5722FE72D6}.Release|Any CPU.Build.0 = Release|Any CPU
	EndGlobalSection
	GlobalSection(SolutionProperties) = preSolution
		HideSolutionNode = FALSE
	EndGlobalSection
	GlobalSection(NestedProjects) = preSolution
		{70F37D3B-76BC-4290-A2F8-464E7B5FF684} = {30F09D05-C9AD-48A9-9802-597393779A17}
		{0F5634A9-12A2-4825-B31D-DB4F4C0019BC} = {30F09D05-C9AD-48A9-9802-597393779A17}
		{BA740CE1-A843-424A-B790-662289F76739} = {70F37D3B-76BC-4290-A2F8-464E7B5FF684}
		{8555F41E-79DF-4E21-82BF-624CCC58672F} = {27E2EAC2-81DC-475B-8496-828D9AE27368}
		{422583B8-5473-4EFA-93FC-1B3FDD16A5A8} = {27E2EAC2-81DC-475B-8496-828D9AE27368}
		{C4CF7333-9F5E-49A2-B279-71DF6A0E1B2A} = {27E2EAC2-81DC-475B-8496-828D9AE27368}
		{9C12E572-273A-4177-B81B-7CC7B333DAC4} = {BA740CE1-A843-424A-B790-662289F76739}
		{BC1DA4A7-BB2B-46C6-8C10-F73AD4D50A15} = {BA740CE1-A843-424A-B790-662289F76739}
		{D2906526-E662-4A54-A66F-5708E551F6BD} = {70F37D3B-76BC-4290-A2F8-464E7B5FF684}
		{AEDC3AD3-4B0E-4CEF-82FB-27034AFD297D} = {D2906526-E662-4A54-A66F-5708E551F6BD}
		{3173CF76-DEF5-4720-B29B-1A5DED95378A} = {70F37D3B-76BC-4290-A2F8-464E7B5FF684}
		{D21033E1-834D-4E50-89F5-C57A7628A3FF} = {3173CF76-DEF5-4720-B29B-1A5DED95378A}
		{9A247172-4FEE-4E45-9AAC-52F5BBE7EAFC} = {D2906526-E662-4A54-A66F-5708E551F6BD}
		{55D7335E-3AFA-4C31-9726-6B5722FE72D6} = {D2906526-E662-4A54-A66F-5708E551F6BD}
	EndGlobalSection
EndGlobal
